
Microsoft Visual Studio Solution File, Format Version 12.00
# Visual Studio Version 16
VisualStudioVersion = 16.0.31205.134
MinimumVisualStudioVersion = 10.0.40219.1
Project("{FAE04EC0-301F-11D3-BF4B-00C04F79EFBC}") = "CustomMVC", "CustomMVC\CustomMVC.csproj", "{B27641DC-3431-4B8F-9B55-2642AA537FFB}"
EndProject
Project("{FAE04EC0-301F-11D3-BF4B-00C04F79EFBC}") = "WebServer.Server", "WebServer.Server\WebServer.Server.csproj", "{B0D7B8C6-546F-4701-B223-3DCE8C110309}"
EndProject
Global
	GlobalSection(SolutionConfigurationPlatforms) = preSolution
		Debug|Any CPU = Debug|Any CPU
		Release|Any CPU = Release|Any CPU
	EndGlobalSection
	GlobalSection(ProjectConfigurationPlatforms) = postSolution
		{B27641DC-3431-4B8F-9B55-2642AA537FFB}.Debug|Any CPU.ActiveCfg = Debug|Any CPU
		{B27641DC-3431-4B8F-9B55-2642AA537FFB}.Debug|Any CPU.Build.0 = Debug|Any CPU
		{B27641DC-3431-4B8F-9B55-2642AA537FFB}.Release|Any CPU.ActiveCfg = Release|Any CPU
		{B27641DC-3431-4B8F-9B55-2642AA537FFB}.Release|Any CPU.Build.0 = Release|Any CPU
		{B0D7B8C6-546F-4701-B223-3DCE8C110309}.Debug|Any CPU.ActiveCfg = Debug|Any CPU
		{B0D7B8C6-546F-4701-B223-3DCE8C110309}.Debug|Any CPU.Build.0 = Debug|Any CPU
		{B0D7B8C6-546F-4701-B223-3DCE8C110309}.Release|Any CPU.ActiveCfg = Release|Any CPU
		{B0D7B8C6-546F-4701-B223-3DCE8C110309}.Release|Any CPU.Build.0 = Release|Any CPU
	EndGlobalSection
	GlobalSection(SolutionProperties) = preSolution
		HideSolutionNode = FALSE
	EndGlobalSection
	GlobalSection(ExtensibilityGlobals) = postSolution
		SolutionGuid = {8FBAB025-9324-4D89-909A-07D381766204}
	EndGlobalSection
EndGlobal
